
Microsoft Visual Studio Solution File, Format Version 12.00
# Visual Studio Version 17
VisualStudioVersion = 17.11.35327.3
MinimumVisualStudioVersion = 10.0.40219.1
Project("{FAE04EC0-301F-11D3-BF4B-00C04F79EFBC}") = "ConsoleApp1", "ConsoleApp1.csproj", "{68E3FC77-0848-42E2-A0A2-DDBB940B547A}"
EndProject
Global
	GlobalSection(SolutionConfigurationPlatforms) = preSolution
		Debug|Any CPU = Debug|Any CPU
		Release|Any CPU = Release|Any CPU
	EndGlobalSection
	GlobalSection(ProjectConfigurationPlatforms) = postSolution
		{68E3FC77-0848-42E2-A0A2-DDBB940B547A}.Debug|Any CPU.ActiveCfg = Debug|Any CPU
		{68E3FC77-0848-42E2-A0A2-DDBB940B547A}.Debug|Any CPU.Build.0 = Debug|Any CPU
		{68E3FC77-0848-42E2-A0A2-DDBB940B547A}.Release|Any CPU.ActiveCfg = Release|Any CPU
		{68E3FC77-0848-42E2-A0A2-DDBB940B547A}.Release|Any CPU.Build.0 = Release|Any CPU
	EndGlobalSection
	GlobalSection(SolutionProperties) = preSolution
		HideSolutionNode = FALSE
	EndGlobalSection
	GlobalSection(ExtensibilityGlobals) = postSolution
		SolutionGuid = {2B61FBC8-3079-40DC-B38F-9DDA39E644DA}
	EndGlobalSection
EndGlobal
